PODS:
  - CryptoSwift (0.9.0)
  - Keys (1.0.0)
  - Starscream (3.0.5)

DEPENDENCIES:
  - CryptoSwift
  - Keys (from `Pods/CocoaPodsKeys`)
  - Starscream (~> 3.0.2)

EXTERNAL SOURCES:
  Keys:
    :path: Pods/CocoaPodsKeys

SPEC CHECKSUMS:
  CryptoSwift: bca8c5b653dcc2d9734409242a070ff53bafac86
  Keys: af65e23feef2a047b3277b1ef0399f1209ef9d46
  Starscream: faf918b2f2eff7d5dd21180646bf015a669673bd

PODFILE CHECKSUM: cede6009dc6ea93e8aec4d7ccd27df1f88b2457b

COCOAPODS: 1.4.0
